# @generated by Move, please check-in and do not edit manually.

[move]
version = 3
manifest_digest = "2930F300153FCF3773DC38EDDCDD6AF4AD8D2201B92A0C437B6E731583766A9B"
deps_digest = "F9B494B64F0615AED0E98FC12A85B85ECD2BC5185C22D30E7F67786BB52E507C"
dependencies = [
  { id = "Bridge", name = "Bridge" },
  { id = "MoveStdlib", name = "MoveStdlib" },
  { id = "Sui", name = "Sui" },
  { id = "SuiSystem", name = "SuiSystem" },
]

[[move.package]]
id = "Bridge"
source = { git = "https://github.com/MystenLabs/sui.git", rev = "04f11afaf5e0", subdir = "crates/sui-framework/packages/bridge" }

dependencies = [
  { id = "MoveStdlib", name = "MoveStdlib" },
  { id = "Sui", name = "Sui" },
  { id = "SuiSystem", name = "SuiSystem" },
]

[[move.package]]
id = "MoveStdlib"
source = { git = "https://github.com/MystenLabs/sui.git", rev = "04f11afaf5e0", subdir = "crates/sui-framework/packages/move-stdlib" }

[[move.package]]
id = "Sui"
source = { git = "https://github.com/MystenLabs/sui.git", rev = "04f11afaf5e0", subdir = "crates/sui-framework/packages/sui-framework" }

dependencies = [
  { id = "MoveStdlib", name = "MoveStdlib" },
]

[[move.package]]
id = "SuiSystem"
source = { git = "https://github.com/MystenLabs/sui.git", rev = "04f11afaf5e0", subdir = "crates/sui-framework/packages/sui-system" }

dependencies = [
  { id = "MoveStdlib", name = "MoveStdlib" },
  { id = "Sui", name = "Sui" },
]

[move.toolchain-version]
compiler-version = "1.47.0"
edition = "2024.beta"
flavor = "sui"

[env]

[env.mirainet]
chain-id = "1c1bf521"
original-published-id = "0x1bda746984b38924ca9a9d6c449c37e2cd080a9cd70ca694d1150a9857c49b0a"
latest-published-id = "0x1bda746984b38924ca9a9d6c449c37e2cd080a9cd70ca694d1150a9857c49b0a"
published-version = "1"

[env.localnet]
chain-id = "41af9b75"
original-published-id = "0xa275b55c53c12d90d4590d5d30d545eb2762cc10bff4844b16c50f94562e5f10"
latest-published-id = "0xa275b55c53c12d90d4590d5d30d545eb2762cc10bff4844b16c50f94562e5f10"
published-version = "1"

[env.testnet]
chain-id = "4c78adac"
original-published-id = "0x4f0d5006bcbc2d4b7decf7c82d7c760abe77f8833f2e0fb07da367d2edf9f628"
latest-published-id = "0x4f0d5006bcbc2d4b7decf7c82d7c760abe77f8833f2e0fb07da367d2edf9f628"
published-version = "1"
