# @generated by Move, please check-in and do not edit manually.

[move]
version = 3
manifest_digest = "1F0EB8D412C2C85AB4D650BDFA82A206CD32927F2CAD61F20492F18A1DBADDF6"
deps_digest = "F8BBB0CCB2491CA29A3DF03D6F92277A4F3574266507ACD77214D37ECA3F3082"
dependencies = [
  { id = "Sui", name = "Sui" },
]

[[move.package]]
id = "MoveStdlib"
source = { git = "https://github.com/MystenLabs/sui.git", rev = "framework/mainnet", subdir = "crates/sui-framework/packages/move-stdlib" }

[[move.package]]
id = "Sui"
source = { git = "https://github.com/MystenLabs/sui.git", rev = "framework/mainnet", subdir = "crates/sui-framework/packages/sui-framework" }

dependencies = [
  { id = "MoveStdlib", name = "MoveStdlib" },
]

[move.toolchain-version]
compiler-version = "1.43.1"
edition = "2024.beta"
flavor = "sui"

[env]

[env.mirainet]
chain-id = "1c1bf521"
original-published-id = "0x1bda746984b38924ca9a9d6c449c37e2cd080a9cd70ca694d1150a9857c49b0a"
latest-published-id = "0x1bda746984b38924ca9a9d6c449c37e2cd080a9cd70ca694d1150a9857c49b0a"
published-version = "1"

[env.localnet]
chain-id = "41af9b75"
original-published-id = "0xa275b55c53c12d90d4590d5d30d545eb2762cc10bff4844b16c50f94562e5f10"
latest-published-id = "0xa275b55c53c12d90d4590d5d30d545eb2762cc10bff4844b16c50f94562e5f10"
published-version = "1"

[env.testnet]
chain-id = "4c78adac"
original-published-id = "0xb49e1bbb15fd8d7aeebcaf676b2b1427a3eb0b9b17d615179e7e34be7519740b"
latest-published-id = "0xb49e1bbb15fd8d7aeebcaf676b2b1427a3eb0b9b17d615179e7e34be7519740b"
published-version = "1"
